{
  "name": "testsimplify",
  "version": "1.0.0",
  "lockfileVersion": 3,
  "requires": true,
  "packages": {
    "": {
      "name": "testsimplify",
      "version": "1.0.0",
      "dependencies": {
        "autoprefixer": "file:vendor/autoprefixer",
        "bcryptjs": "file:vendor/bcryptjs",
        "clsx": "file:vendor/clsx",
        "cmdk": "file:vendor/cmdk",
        "csv-parse": "file:vendor/csv-parse",
        "csv-stringify": "file:vendor/csv-stringify",
        "date-fns": "file:vendor/date-fns",
        "fast-xml-parser": "file:vendor/fast-xml-parser",
        "lucide-react": "file:vendor/lucide-react",
        "next": "file:vendor/next",
        "next-auth": "file:vendor/next-auth",
        "next-themes": "file:vendor/next-themes",
        "postcss": "file:vendor/postcss",
        "react": "file:vendor/react",
        "react-dom": "file:vendor/react-dom",
        "react-hook-form": "file:vendor/react-hook-form",
        "react-markdown": "file:vendor/react-markdown",
        "recharts": "file:vendor/recharts",
        "tailwind-merge": "file:vendor/tailwind-merge",
        "tailwindcss": "file:vendor/tailwindcss",
        "zod": "file:vendor/zod",
        "zustand": "file:vendor/zustand"
      },
      "devDependencies": {}
    },
    "node_modules/autoprefixer": {
      "resolved": "vendor/autoprefixer",
      "link": true
    },
    "node_modules/bcryptjs": {
      "resolved": "vendor/bcryptjs",
      "link": true
    },
    "node_modules/clsx": {
      "resolved": "vendor/clsx",
      "link": true
    },
    "node_modules/cmdk": {
      "resolved": "vendor/cmdk",
      "link": true
    },
    "node_modules/csv-parse": {
      "resolved": "vendor/csv-parse",
      "link": true
    },
    "node_modules/csv-stringify": {
      "resolved": "vendor/csv-stringify",
      "link": true
    },
    "node_modules/date-fns": {
      "resolved": "vendor/date-fns",
      "link": true
    },
    "node_modules/fast-xml-parser": {
      "resolved": "vendor/fast-xml-parser",
      "link": true
    },
    "node_modules/lucide-react": {
      "resolved": "vendor/lucide-react",
      "link": true
    },
    "node_modules/next": {
      "resolved": "vendor/next",
      "link": true
    },
    "node_modules/next-auth": {
      "resolved": "vendor/next-auth",
      "link": true
    },
    "node_modules/next-themes": {
      "resolved": "vendor/next-themes",
      "link": true
    },
    "node_modules/postcss": {
      "resolved": "vendor/postcss",
      "link": true
    },
    "node_modules/react": {
      "resolved": "vendor/react",
      "link": true
    },
    "node_modules/react-dom": {
      "resolved": "vendor/react-dom",
      "link": true
    },
    "node_modules/react-hook-form": {
      "resolved": "vendor/react-hook-form",
      "link": true
    },
    "node_modules/react-markdown": {
      "resolved": "vendor/react-markdown",
      "link": true
    },
    "node_modules/recharts": {
      "resolved": "vendor/recharts",
      "link": true
    },
    "node_modules/tailwind-merge": {
      "resolved": "vendor/tailwind-merge",
      "link": true
    },
    "node_modules/tailwindcss": {
      "resolved": "vendor/tailwindcss",
      "link": true
    },
    "node_modules/zod": {
      "resolved": "vendor/zod",
      "link": true
    },
    "node_modules/zustand": {
      "resolved": "vendor/zustand",
      "link": true
    },
    "vendor/autoprefixer": {
      "version": "0.0.0-test"
    },
    "vendor/bcryptjs": {
      "version": "0.0.0-test"
    },
    "vendor/clsx": {
      "version": "0.0.0-test"
    },
    "vendor/cmdk": {
      "version": "0.0.0-test"
    },
    "vendor/csv-parse": {
      "version": "0.0.0-test"
    },
    "vendor/csv-stringify": {
      "version": "0.0.0-test"
    },
    "vendor/date-fns": {
      "version": "0.0.0-test"
    },
    "vendor/fast-xml-parser": {
      "version": "0.0.0-test"
    },
    "vendor/lucide-react": {
      "version": "0.0.0-test"
    },
    "vendor/next": {
      "version": "0.0.0-test"
    },
    "vendor/next-auth": {
      "version": "0.0.0-test"
    },
    "vendor/next-themes": {
      "version": "0.0.0-test"
    },
    "vendor/postcss": {
      "version": "0.0.0-test"
    },
    "vendor/react": {
      "version": "0.0.0-test"
    },
    "vendor/react-dom": {
      "version": "0.0.0-test"
    },
    "vendor/react-hook-form": {
      "version": "0.0.0-test"
    },
    "vendor/react-markdown": {
      "version": "0.0.0-test"
    },
    "vendor/recharts": {
      "version": "0.0.0-test"
    },
    "vendor/tailwind-merge": {
      "version": "0.0.0-test"
    },
    "vendor/tailwindcss": {
      "version": "0.0.0-test"
    },
    "vendor/zod": {
      "version": "0.0.0-test"
    },
    "vendor/zustand": {
      "version": "0.0.0-test"
    }
  }
}
